
Microsoft Visual Studio Solution File, Format Version 12.00
# Visual Studio Version 16
VisualStudioVersion = 16.0.30320.27
MinimumVisualStudioVersion = 10.0.40219.1
Project("{8BC9CEB8-8B4A-11D0-8D11-00A0C91BC942}") = "back", "back\back.vcxproj", "{9BE4D596-C955-43E5-A9BA-7CA861F00D9B}"
EndProject
Global
	GlobalSection(SolutionConfigurationPlatforms) = preSolution
		Debug|x64 = Debug|x64
		Debug|x86 = Debug|x86
		Release|x64 = Release|x64
		Release|x86 = Release|x86
	EndGlobalSection
	GlobalSection(ProjectConfigurationPlatforms) = postSolution
		{9BE4D596-C955-43E5-A9BA-7CA861F00D9B}.Debug|x64.ActiveCfg = Debug|x64
		{9BE4D596-C955-43E5-A9BA-7CA861F00D9B}.Debug|x64.Build.0 = Debug|x64
		{9BE4D596-C955-43E5-A9BA-7CA861F00D9B}.Debug|x86.ActiveCfg = Debug|Win32
		{9BE4D596-C955-43E5-A9BA-7CA861F00D9B}.Debug|x86.Build.0 = Debug|Win32
		{9BE4D596-C955-43E5-A9BA-7CA861F00D9B}.Release|x64.ActiveCfg = Release|x64
		{9BE4D596-C955-43E5-A9BA-7CA861F00D9B}.Release|x64.Build.0 = Release|x64
		{9BE4D596-C955-43E5-A9BA-7CA861F00D9B}.Release|x86.ActiveCfg = Release|Win32
		{9BE4D596-C955-43E5-A9BA-7CA861F00D9B}.Release|x86.Build.0 = Release|Win32
	EndGlobalSection
	GlobalSection(SolutionProperties) = preSolution
		HideSolutionNode = FALSE
	EndGlobalSection
	GlobalSection(ExtensibilityGlobals) = postSolution
		SolutionGuid = {E4C48E36-C172-4DD6-B707-13D6EA100FE2}
	EndGlobalSection
EndGlobal
